{"sdkfabric/starwars":{"baseUrl":"https://swapi.dev/api","operations":{"people.getAll":{"path":"/people","method":"GET","return":{"code":200,"schema":{"$ref":"People_Collection"}},"arguments":{"search":{"in":"query","schema":{"type":"string"}}},"throws":[],"description":"Get all the people resources","stability":1,"security":[],"authorization":true,"tags":[]},"people.get":{"path":"/people/:id","method":"GET","return":{"code":200,"schema":{"$ref":"People"}},"arguments":{"id":{"in":"path","schema":{"type":"string"}}},"throws":[],"description":"Get a specific people resource","stability":1,"security":[],"authorization":true,"tags":[]},"film.getAll":{"path":"/films","method":"GET","return":{"code":200,"schema":{"$ref":"Film_Collection"}},"arguments":{"search":{"in":"query","schema":{"type":"string"}}},"throws":[],"description":"Get all the film resources","stability":1,"security":[],"authorization":true,"tags":[]},"film.get":{"path":"/films/:id","method":"GET","return":{"code":200,"schema":{"$ref":"Film"}},"arguments":{"id":{"in":"path","schema":{"type":"string"}}},"throws":[],"description":"Get a specific film resource","stability":1,"security":[],"authorization":true,"tags":[]},"starship.getAll":{"path":"/starships","method":"GET","return":{"code":200,"schema":{"$ref":"Starship_Collection"}},"arguments":{"search":{"in":"query","schema":{"type":"string"}}},"throws":[],"description":"Get all the starship resources","stability":1,"security":[],"authorization":true,"tags":[]},"starship.get":{"path":"/starships/:id","method":"GET","return":{"code":200,"schema":{"$ref":"Starship"}},"arguments":{"id":{"in":"path","schema":{"type":"string"}}},"throws":[],"description":"Get a specific starship resource","stability":1,"security":[],"authorization":true,"tags":[]},"vehicle.getAll":{"path":"/vehicles","method":"GET","return":{"code":200,"schema":{"$ref":"Vehicle_Collection"}},"arguments":{"search":{"in":"query","schema":{"type":"string"}}},"throws":[],"description":"Get all the vehicle resources","stability":1,"security":[],"authorization":true,"tags":[]},"vehicle.get":{"path":"/vehicles/:id","method":"GET","return":{"code":200,"schema":{"$ref":"Vehicle"}},"arguments":{"id":{"in":"path","schema":{"type":"string"}}},"throws":[],"description":"Get a specific vehicle resource","stability":1,"security":[],"authorization":true,"tags":[]},"specie.getAll":{"path":"/species","method":"GET","return":{"code":200,"schema":{"$ref":"Specie_Collection"}},"arguments":{"search":{"in":"query","schema":{"type":"string"}}},"throws":[],"description":"Get all the species resources","stability":1,"security":[],"authorization":true,"tags":[]},"specie.get":{"path":"/species/:id","method":"GET","return":{"code":200,"schema":{"$ref":"Specie"}},"arguments":{"id":{"in":"path","schema":{"type":"string"}}},"throws":[],"description":"Get a specific species resource","stability":1,"security":[],"authorization":true,"tags":[]},"planet.getAll":{"path":"/planets","method":"GET","return":{"code":200,"schema":{"$ref":"Planet_Collection"}},"arguments":{"search":{"in":"query","schema":{"type":"string"}}},"throws":[],"description":"Get all the planets resources","stability":1,"security":[],"authorization":true,"tags":[]},"planet.get":{"path":"/planets/:id","method":"GET","return":{"code":200,"schema":{"$ref":"Planet"}},"arguments":{"id":{"in":"path","schema":{"type":"string"}}},"throws":[],"description":"Get a specific planets resource","stability":1,"security":[],"authorization":true,"tags":[]}},"definitions":{"Collection":{"description":"","type":"object","properties":{"count":{"description":"","type":"integer"},"next":{"description":"","type":"string"},"previous":{"description":"","type":"string"}}},"Film":{"description":"A Film resource is a single film.","type":"object","properties":{"title":{"description":"","type":"string"},"episode_id":{"description":"","type":"integer"},"opening_crawl":{"description":"","type":"string"},"director":{"description":"","type":"string"},"producer":{"description":"","type":"string"},"release_date":{"description":"","format":"date","type":"string"},"species":{"description":"","type":"array","items":{"type":"string"}},"starships":{"description":"","type":"array","items":{"type":"string"}},"vehicles":{"description":"","type":"array","items":{"type":"string"}},"characters":{"description":"","type":"array","items":{"type":"string"}},"planets":{"description":"","type":"array","items":{"type":"string"}},"url":{"description":"","type":"string"},"created":{"description":"","format":"date-time","type":"string"},"edited":{"description":"","format":"date-time","type":"string"}}},"Film_Collection":{"description":"","$extends":"Collection","type":"object","properties":{"results":{"description":"","type":"array","items":{"$ref":"Film"}}}},"People":{"description":"A People resource is an individual person or character within the Star Wars universe.","type":"object","properties":{"name":{"description":"","type":"string"},"birth_year":{"description":"","type":"string"},"eye_color":{"description":"","type":"string"},"gender":{"description":"","type":"string"},"hair_color":{"description":"","type":"string"},"height":{"description":"","type":"string"},"mass":{"description":"","type":"string"},"skin_color":{"description":"","type":"string"},"homeworld":{"description":"","type":"string"},"films":{"description":"","type":"array","items":{"type":"string"}},"species":{"description":"","type":"array","items":{"type":"string"}},"starships":{"description":"","type":"array","items":{"type":"string"}},"vehicles":{"description":"","type":"array","items":{"type":"string"}},"url":{"description":"","type":"string"},"created":{"description":"","format":"date-time","type":"string"},"edited":{"description":"","format":"date-time","type":"string"}}},"People_Collection":{"description":"","$extends":"Collection","type":"object","properties":{"results":{"description":"","type":"array","items":{"$ref":"People"}}}},"Planet":{"description":"A Planet resource is a large mass, planet or planetoid in the Star Wars Universe, at the time of 0 ABY.","type":"object","properties":{"name":{"description":"","type":"string"},"diameter":{"description":"","type":"string"},"rotation_period":{"description":"","type":"string"},"orbital_period":{"description":"","type":"string"},"gravity":{"description":"","type":"string"},"population":{"description":"","type":"string"},"climate":{"description":"","type":"string"},"terrain":{"description":"","type":"string"},"surface_water":{"description":"","type":"string"},"residents":{"description":"","type":"array","items":{"type":"string"}},"films":{"description":"","type":"array","items":{"type":"string"}},"url":{"description":"","type":"string"},"created":{"description":"","format":"date-time","type":"string"},"edited":{"description":"","format":"date-time","type":"string"}}},"Planet_Collection":{"description":"","$extends":"Collection","type":"object","properties":{"results":{"description":"","type":"array","items":{"$ref":"Planet"}}}},"Specie":{"description":"A Species resource is a type of person or character within the Star Wars Universe.","type":"object","properties":{"name":{"description":"","type":"string"},"classification":{"description":"","type":"string"},"designation":{"description":"","type":"string"},"average_height":{"description":"","type":"string"},"average_lifespan":{"description":"","type":"string"},"eye_colors":{"description":"","type":"string"},"hair_colors":{"description":"","type":"string"},"skin_colors":{"description":"","type":"string"},"language":{"description":"","type":"string"},"homeworld":{"description":"","type":"string"},"people":{"description":"","type":"array","items":{"type":"string"}},"films":{"description":"","type":"array","items":{"type":"string"}},"url":{"description":"","type":"string"},"created":{"description":"","format":"date-time","type":"string"},"edited":{"description":"","format":"date-time","type":"string"}}},"Specie_Collection":{"description":"","$extends":"Collection","type":"object","properties":{"results":{"description":"","type":"array","items":{"$ref":"Specie"}}}},"Starship":{"description":"A Starship resource is a single transport craft that has hyperdrive capability.","type":"object","properties":{"name":{"description":"","type":"string"},"model":{"description":"","type":"string"},"starship_class":{"description":"","type":"string"},"manufacturer":{"description":"","type":"string"},"cost_in_credits":{"description":"","type":"string"},"length":{"description":"","type":"string"},"crew":{"description":"","type":"string"},"passengers":{"description":"","type":"string"},"max_atmosphering_speed":{"description":"","type":"string"},"hyperdrive_rating":{"description":"","type":"string"},"MGLT":{"description":"","type":"string"},"cargo_capacity":{"description":"","type":"string"},"consumables":{"description":"","type":"string"},"films":{"description":"","type":"array","items":{"type":"string"}},"pilots":{"description":"","type":"array","items":{"type":"string"}},"url":{"description":"","type":"string"},"created":{"description":"","format":"date-time","type":"string"},"edited":{"description":"","format":"date-time","type":"string"}}},"Starship_Collection":{"description":"","$extends":"Collection","type":"object","properties":{"results":{"description":"","type":"array","items":{"$ref":"Starship"}}}},"Vehicle":{"description":"A Vehicle resource is a single transport craft that does not have hyperdrive capability.","type":"object","properties":{"name":{"description":"","type":"string"},"model":{"description":"","type":"string"},"vehicle_class":{"description":"","type":"string"},"manufacturer":{"description":"","type":"string"},"length":{"description":"","type":"string"},"cost_in_credits":{"description":"","type":"string"},"crew":{"description":"","type":"string"},"passengers":{"description":"","type":"string"},"max_atmosphering_speed":{"description":"","type":"string"},"cargo_capacity":{"description":"","type":"string"},"consumables":{"description":"","type":"string"},"films":{"description":"","type":"array","items":{"type":"string"}},"pilots":{"description":"","type":"array","items":{"type":"string"}},"url":{"description":"","type":"string"},"created":{"description":"","format":"date-time","type":"string"},"edited":{"description":"","format":"date-time","type":"string"}}},"Vehicle_Collection":{"description":"","$extends":"Collection","type":"object","properties":{"results":{"description":"","type":"array","items":{"$ref":"Vehicle"}}}}}}}